
Microsoft Visual Studio Solution File, Format Version 12.00
# Visual Studio 14
VisualStudioVersion = 14.0.25420.1
MinimumVisualStudioVersion = 10.0.40219.1
Project("{FAE04EC0-301F-11D3-BF4B-00C04F79EFBC}") = "Service.Web", "CustomerApi\Service.Web.csproj", "{20AB69F9-F2D3-4A68-96C3-424EC8B9406E}"
EndProject
Project("{FAE04EC0-301F-11D3-BF4B-00C04F79EFBC}") = "DBService", "DataAccess\DBService.csproj", "{2B4E93AC-98BE-416F-BB90-84DDFCE41214}"
EndProject
Project("{FAE04EC0-301F-11D3-BF4B-00C04F79EFBC}") = "CustomerService.Test", "CustomerTest\CustomerService.Test.csproj", "{642E984B-B40B-4757-9615-F6FF993105E4}"
EndProject
Project("{FAE04EC0-301F-11D3-BF4B-00C04F79EFBC}") = "CustomerData", "CustomerData\CustomerData.csproj", "{753A82BE-2A18-4F5E-9B1C-16354EBAA432}"
EndProject
Global
	GlobalSection(SolutionConfigurationPlatforms) = preSolution
		Debug|Any CPU = Debug|Any CPU
		Release|Any CPU = Release|Any CPU
	EndGlobalSection
	GlobalSection(ProjectConfigurationPlatforms) = postSolution
		{20AB69F9-F2D3-4A68-96C3-424EC8B9406E}.Debug|Any CPU.ActiveCfg = Debug|Any CPU
		{20AB69F9-F2D3-4A68-96C3-424EC8B9406E}.Debug|Any CPU.Build.0 = Debug|Any CPU
		{20AB69F9-F2D3-4A68-96C3-424EC8B9406E}.Release|Any CPU.ActiveCfg = Release|Any CPU
		{20AB69F9-F2D3-4A68-96C3-424EC8B9406E}.Release|Any CPU.Build.0 = Release|Any CPU
		{2B4E93AC-98BE-416F-BB90-84DDFCE41214}.Debug|Any CPU.ActiveCfg = Debug|Any CPU
		{2B4E93AC-98BE-416F-BB90-84DDFCE41214}.Debug|Any CPU.Build.0 = Debug|Any CPU
		{2B4E93AC-98BE-416F-BB90-84DDFCE41214}.Release|Any CPU.ActiveCfg = Release|Any CPU
		{2B4E93AC-98BE-416F-BB90-84DDFCE41214}.Release|Any CPU.Build.0 = Release|Any CPU
		{642E984B-B40B-4757-9615-F6FF993105E4}.Debug|Any CPU.ActiveCfg = Debug|Any CPU
		{642E984B-B40B-4757-9615-F6FF993105E4}.Debug|Any CPU.Build.0 = Debug|Any CPU
		{642E984B-B40B-4757-9615-F6FF993105E4}.Release|Any CPU.ActiveCfg = Release|Any CPU
		{642E984B-B40B-4757-9615-F6FF993105E4}.Release|Any CPU.Build.0 = Release|Any CPU
		{753A82BE-2A18-4F5E-9B1C-16354EBAA432}.Debug|Any CPU.ActiveCfg = Debug|Any CPU
		{753A82BE-2A18-4F5E-9B1C-16354EBAA432}.Debug|Any CPU.Build.0 = Debug|Any CPU
		{753A82BE-2A18-4F5E-9B1C-16354EBAA432}.Release|Any CPU.ActiveCfg = Release|Any CPU
		{753A82BE-2A18-4F5E-9B1C-16354EBAA432}.Release|Any CPU.Build.0 = Release|Any CPU
	EndGlobalSection
	GlobalSection(SolutionProperties) = preSolution
		HideSolutionNode = FALSE
	EndGlobalSection
EndGlobal
